// !$*UTF8*$!
{
	archiveVersion = 1;
	classes = {
	};
	objectVersion = 54;
	objects = {

/* Begin PBXBuildFile section */
		4A40250E2509AF5100F893AA /* PlainPastaTests.swift in Sources */ = {isa = PBXBuildFile; fileRef = 4A40250D2509AF5100F893AA /* PlainPastaTests.swift */; };
		4A4E59272176AE7A002CF83D /* AppDelegate.swift in Sources */ = {isa = PBXBuildFile; fileRef = 4A4E59262176AE7A002CF83D /* AppDelegate.swift */; };
		4A4E592B2176AE7A002CF83D /* Assets.xcassets in Resources */ = {isa = PBXBuildFile; fileRef = 4A4E592A2176AE7A002CF83D /* Assets.xcassets */; };
		4A4E592E2176AE7A002CF83D /* Main.storyboard in Resources */ = {isa = PBXBuildFile; fileRef = 4A4E592C2176AE7A002CF83D /* Main.storyboard */; };
		4A545D7D25105622004EF5BD /* NSPasteboard+Extensions.swift in Sources */ = {isa = PBXBuildFile; fileRef = 4A545D7C25105622004EF5BD /* NSPasteboard+Extensions.swift */; };
		4A545D8125105C12004EF5BD /* Enablable.swift in Sources */ = {isa = PBXBuildFile; fileRef = 4A545D8025105C12004EF5BD /* Enablable.swift */; };
		4AA984F42178DF6500B64A3F /* PasteboardMonitor.swift in Sources */ = {isa = PBXBuildFile; fileRef = 4AA984F32178DF6500B64A3F /* PasteboardMonitor.swift */; };
		4AD9013F250EAF3200BDABE3 /* StatusItemController.swift in Sources */ = {isa = PBXBuildFile; fileRef = 4AD9013E250EAF3200BDABE3 /* StatusItemController.swift */; };
		4ADE040D24ECC23F0045181C /* LocalizedStrings.swift in Sources */ = {isa = PBXBuildFile; fileRef = 4ADE040C24ECC23F0045181C /* LocalizedStrings.swift */; };
/* End PBXBuildFile section */

/* Begin PBXContainerItemProxy section */
		4A4025102509AF5100F893AA /* PBXContainerItemProxy */ = {
			isa = PBXContainerItemProxy;
			containerPortal = 4A4E591B2176AE7A002CF83D /* Project object */;
			proxyType = 1;
			remoteGlobalIDString = 4A4E59222176AE7A002CF83D;
			remoteInfo = "Plain Pasta";
		};
/* End PBXContainerItemProxy section */

/* Begin PBXFileReference section */
		4A40250B2509AF5100F893AA /* PlainPastaTests.xctest */ = {isa = PBXFileReference; explicitFileType = wrapper.cfbundle; includeInIndex = 0; path = PlainPastaTests.xctest; sourceTree = BUILT_PRODUCTS_DIR; };
		4A40250D2509AF5100F893AA /* PlainPastaTests.swift */ = {isa = PBXFileReference; lastKnownFileType = sourcecode.swift; path = PlainPastaTests.swift; sourceTree = "<group>"; };
		4A40250F2509AF5100F893AA /* Info.plist */ = {isa = PBXFileReference; lastKnownFileType = text.plist.xml; path = Info.plist; sourceTree = "<group>"; };
		4A4E59232176AE7A002CF83D /* Plain Pasta.app */ = {isa = PBXFileReference; explicitFileType = wrapper.application; includeInIndex = 0; path = "Plain Pasta.app"; sourceTree = BUILT_PRODUCTS_DIR; };
		4A4E59262176AE7A002CF83D /* AppDelegate.swift */ = {isa = PBXFileReference; lastKnownFileType = sourcecode.swift; path = AppDelegate.swift; sourceTree = "<group>"; };
		4A4E592A2176AE7A002CF83D /* Assets.xcassets */ = {isa = PBXFileReference; lastKnownFileType = folder.assetcatalog; path = Assets.xcassets; sourceTree = "<group>"; };
		4A4E592F2176AE7A002CF83D /* Info.plist */ = {isa = PBXFileReference; lastKnownFileType = text.plist.xml; path = Info.plist; sourceTree = "<group>"; };
		4A545D7C25105622004EF5BD /* NSPasteboard+Extensions.swift */ = {isa = PBXFileReference; lastKnownFileType = sourcecode.swift; path = "NSPasteboard+Extensions.swift"; sourceTree = "<group>"; };
		4A545D8025105C12004EF5BD /* Enablable.swift */ = {isa = PBXFileReference; lastKnownFileType = sourcecode.swift; path = Enablable.swift; sourceTree = "<group>"; };
		4A8A68162176C5F500A4F1D8 /* .gitignore */ = {isa = PBXFileReference; lastKnownFileType = text; path = .gitignore; sourceTree = "<group>"; };
		4A8A68172176C5F500A4F1D8 /* .swiftlint.yml */ = {isa = PBXFileReference; lastKnownFileType = text; path = .swiftlint.yml; sourceTree = "<group>"; };
		4A8A68182176C5F500A4F1D8 /* changelog.md */ = {isa = PBXFileReference; lastKnownFileType = net.daringfireball.markdown; path = changelog.md; sourceTree = "<group>"; };
		4A8A68192176C5F500A4F1D8 /* LICENSE */ = {isa = PBXFileReference; lastKnownFileType = text; path = LICENSE; sourceTree = "<group>"; };
		4A8A681A2176C5F500A4F1D8 /* README.md */ = {isa = PBXFileReference; lastKnownFileType = net.daringfireball.markdown; path = README.md; sourceTree = "<group>"; };
		4A9998E325040BE700141546 /* en */ = {isa = PBXFileReference; lastKnownFileType = file.storyboard; name = en; path = en.lproj/Main.storyboard; sourceTree = "<group>"; };
		4AA7338C2507431400C9E7FC /* Assets */ = {isa = PBXFileReference; lastKnownFileType = folder; path = Assets; sourceTree = "<group>"; };
		4AA7338D2507431400C9E7FC /* docs */ = {isa = PBXFileReference; lastKnownFileType = folder; path = docs; sourceTree = "<group>"; };
		4AA984F32178DF6500B64A3F /* PasteboardMonitor.swift */ = {isa = PBXFileReference; lastKnownFileType = sourcecode.swift; path = PasteboardMonitor.swift; sourceTree = "<group>"; };
		4AD9013E250EAF3200BDABE3 /* StatusItemController.swift */ = {isa = PBXFileReference; lastKnownFileType = sourcecode.swift; path = StatusItemController.swift; sourceTree = "<group>"; };
		4ADE040C24ECC23F0045181C /* LocalizedStrings.swift */ = {isa = PBXFileReference; fileEncoding = 4; lastKnownFileType = sourcecode.swift; path = LocalizedStrings.swift; sourceTree = "<group>"; };
		F2E4F2ED22AED9E0006313B9 /* Plain Pasta.entitlements */ = {isa = PBXFileReference; lastKnownFileType = text.plist.entitlements; path = "Plain Pasta.entitlements"; sourceTree = "<group>"; };
/* End PBXFileReference section */

/* Begin PBXFrameworksBuildPhase section */
		4A4025082509AF5100F893AA /* Frameworks */ = {
			isa = PBXFrameworksBuildPhase;
			buildActionMask = 2147483647;
			files = (
			);
			runOnlyForDeploymentPostprocessing = 0;
		};
		4A4E59202176AE7A002CF83D /* Frameworks */ = {
			isa = PBXFrameworksBuildPhase;
			buildActionMask = 2147483647;
			files = (
			);
			runOnlyForDeploymentPostprocessing = 0;
		};
/* End PBXFrameworksBuildPhase section */

/* Begin PBXGroup section */
		4A34A9252177E2FA00DEED79 /* Frameworks */ = {
			isa = PBXGroup;
			children = (
			);
			name = Frameworks;
			sourceTree = "<group>";
		};
		4A40250C2509AF5100F893AA /* PlainPastaTests */ = {
			isa = PBXGroup;
			children = (
				4A40250D2509AF5100F893AA /* PlainPastaTests.swift */,
				4A40250F2509AF5100F893AA /* Info.plist */,
			);
			path = PlainPastaTests;
			sourceTree = "<group>";
		};
		4A4E591A2176AE7A002CF83D = {
			isa = PBXGroup;
			children = (
				4A8A681A2176C5F500A4F1D8 /* README.md */,
				4A8A68182176C5F500A4F1D8 /* changelog.md */,
				4A4E59252176AE7A002CF83D /* PlainPasta */,
				4A40250C2509AF5100F893AA /* PlainPastaTests */,
				4A8A68192176C5F500A4F1D8 /* LICENSE */,
				4A8A68172176C5F500A4F1D8 /* .swiftlint.yml */,
				4A8A68162176C5F500A4F1D8 /* .gitignore */,
				4AA7338D2507431400C9E7FC /* docs */,
				4AA7338C2507431400C9E7FC /* Assets */,
				4A4E59242176AE7A002CF83D /* Products */,
				4A34A9252177E2FA00DEED79 /* Frameworks */,
			);
			sourceTree = "<group>";
			usesTabs = 1;
		};
		4A4E59242176AE7A002CF83D /* Products */ = {
			isa = PBXGroup;
			children = (
				4A4E59232176AE7A002CF83D /* Plain Pasta.app */,
				4A40250B2509AF5100F893AA /* PlainPastaTests.xctest */,
			);
			name = Products;
			sourceTree = "<group>";
		};
		4A4E59252176AE7A002CF83D /* PlainPasta */ = {
			isa = PBXGroup;
			children = (
				4A4E59262176AE7A002CF83D /* AppDelegate.swift */,
				4A545D8025105C12004EF5BD /* Enablable.swift */,
				4AA984F32178DF6500B64A3F /* PasteboardMonitor.swift */,
				4A545D7C25105622004EF5BD /* NSPasteboard+Extensions.swift */,
				4AD9013E250EAF3200BDABE3 /* StatusItemController.swift */,
				4ADE040C24ECC23F0045181C /* LocalizedStrings.swift */,
				4A4E592A2176AE7A002CF83D /* Assets.xcassets */,
				4A4E592C2176AE7A002CF83D /* Main.storyboard */,
				4A4E592F2176AE7A002CF83D /* Info.plist */,
				F2E4F2ED22AED9E0006313B9 /* Plain Pasta.entitlements */,
			);
			path = PlainPasta;
			sourceTree = "<group>";
		};
/* End PBXGroup section */

/* Begin PBXNativeTarget section */
		4A40250A2509AF5100F893AA /* PlainPastaTests */ = {
			isa = PBXNativeTarget;
			buildConfigurationList = 4A4025142509AF5100F893AA /* Build configuration list for PBXNativeTarget "PlainPastaTests" */;
			buildPhases = (
				4A4025072509AF5100F893AA /* Sources */,
				4A4025082509AF5100F893AA /* Frameworks */,
				4A4025092509AF5100F893AA /* Resources */,
			);
			buildRules = (
			);
			dependencies = (
				4A4025112509AF5100F893AA /* PBXTargetDependency */,
			);
			name = PlainPastaTests;
			packageProductDependencies = (
			);
			productName = PlainPastaTests;
			productReference = 4A40250B2509AF5100F893AA /* PlainPastaTests.xctest */;
			productType = "com.apple.product-type.bundle.unit-test";
		};
		4A4E59222176AE7A002CF83D /* Plain Pasta */ = {
			isa = PBXNativeTarget;
			buildConfigurationList = 4A4E59332176AE7A002CF83D /* Build configuration list for PBXNativeTarget "Plain Pasta" */;
			buildPhases = (
				4A4E591F2176AE7A002CF83D /* Sources */,
				4A4E59202176AE7A002CF83D /* Frameworks */,
				4A4E59212176AE7A002CF83D /* Resources */,
				4A5E917721791748001C378F /* Run Swiftlint */,
			);
			buildRules = (
			);
			dependencies = (
			);
			name = "Plain Pasta";
			productName = PlainPaste;
			productReference = 4A4E59232176AE7A002CF83D /* Plain Pasta.app */;
			productType = "com.apple.product-type.application";
		};
/* End PBXNativeTarget section */

/* Begin PBXProject section */
		4A4E591B2176AE7A002CF83D /* Project object */ = {
			isa = PBXProject;
			attributes = {
				LastSwiftUpdateCheck = 1200;
				LastUpgradeCheck = 1200;
				ORGANIZATIONNAME = Levelsoft;
				TargetAttributes = {
					4A40250A2509AF5100F893AA = {
						CreatedOnToolsVersion = 12.0;
						TestTargetID = 4A4E59222176AE7A002CF83D;
					};
					4A4E59222176AE7A002CF83D = {
						CreatedOnToolsVersion = 10.0;
						LastSwiftMigration = 1200;
						SystemCapabilities = {
							com.apple.Push = {
								enabled = 0;
							};
							com.apple.Sandbox = {
								enabled = 1;
							};
						};
					};
				};
			};
			buildConfigurationList = 4A4E591E2176AE7A002CF83D /* Build configuration list for PBXProject "PlainPasta" */;
			compatibilityVersion = "Xcode 12.0";
			developmentRegion = en;
			hasScannedForEncodings = 0;
			knownRegions = (
				en,
			);
			mainGroup = 4A4E591A2176AE7A002CF83D;
			packageReferences = (
			);
			productRefGroup = 4A4E59242176AE7A002CF83D /* Products */;
			projectDirPath = "";
			projectRoot = "";
			targets = (
				4A4E59222176AE7A002CF83D /* Plain Pasta */,
				4A40250A2509AF5100F893AA /* PlainPastaTests */,
			);
		};
/* End PBXProject section */

/* Begin PBXResourcesBuildPhase section */
		4A4025092509AF5100F893AA /* Resources */ = {
			isa = PBXResourcesBuildPhase;
			buildActionMask = 2147483647;
			files = (
			);
			runOnlyForDeploymentPostprocessing = 0;
		};
		4A4E59212176AE7A002CF83D /* Resources */ = {
			isa = PBXResourcesBuildPhase;
			buildActionMask = 2147483647;
			files = (
				4A4E592B2176AE7A002CF83D /* Assets.xcassets in Resources */,
				4A4E592E2176AE7A002CF83D /* Main.storyboard in Resources */,
			);
			runOnlyForDeploymentPostprocessing = 0;
		};
/* End PBXResourcesBuildPhase section */

/* Begin PBXShellScriptBuildPhase section */
		4A5E917721791748001C378F /* Run Swiftlint */ = {
			isa = PBXShellScriptBuildPhase;
			buildActionMask = 2147483647;
			files = (
			);
			inputFileListPaths = (
			);
			inputPaths = (
			);
			name = "Run Swiftlint";
			outputFileListPaths = (
			);
			outputPaths = (
			);
			runOnlyForDeploymentPostprocessing = 0;
			shellPath = /bin/sh;
			shellScript = "if which swiftlint >/dev/null; then\n    swiftlint\nelse\n    echo \"warning: SwiftLint not installed, download from https://github.com/realm/SwiftLint\"\nfi\n";
		};
/* End PBXShellScriptBuildPhase section */

/* Begin PBXSourcesBuildPhase section */
		4A4025072509AF5100F893AA /* Sources */ = {
			isa = PBXSourcesBuildPhase;
			buildActionMask = 2147483647;
			files = (
				4A40250E2509AF5100F893AA /* PlainPastaTests.swift in Sources */,
			);
			runOnlyForDeploymentPostprocessing = 0;
		};
		4A4E591F2176AE7A002CF83D /* Sources */ = {
			isa = PBXSourcesBuildPhase;
			buildActionMask = 2147483647;
			files = (
				4A545D8125105C12004EF5BD /* Enablable.swift in Sources */,
				4A4E59272176AE7A002CF83D /* AppDelegate.swift in Sources */,
				4AD9013F250EAF3200BDABE3 /* StatusItemController.swift in Sources */,
				4ADE040D24ECC23F0045181C /* LocalizedStrings.swift in Sources */,
				4AA984F42178DF6500B64A3F /* PasteboardMonitor.swift in Sources */,
				4A545D7D25105622004EF5BD /* NSPasteboard+Extensions.swift in Sources */,
			);
			runOnlyForDeploymentPostprocessing = 0;
		};
/* End PBXSourcesBuildPhase section */

/* Begin PBXTargetDependency section */
		4A4025112509AF5100F893AA /* PBXTargetDependency */ = {
			isa = PBXTargetDependency;
			target = 4A4E59222176AE7A002CF83D /* Plain Pasta */;
			targetProxy = 4A4025102509AF5100F893AA /* PBXContainerItemProxy */;
		};
/* End PBXTargetDependency section */

/* Begin PBXVariantGroup section */
		4A4E592C2176AE7A002CF83D /* Main.storyboard */ = {
			isa = PBXVariantGroup;
			children = (
				4A9998E325040BE700141546 /* en */,
			);
			name = Main.storyboard;
			sourceTree = "<group>";
		};
/* End PBXVariantGroup section */

/* Begin XCBuildConfiguration section */
		4A4025122509AF5100F893AA /* Debug */ = {
			isa = XCBuildConfiguration;
			buildSettings = {
				BUNDLE_LOADER = "$(TEST_HOST)";
				CODE_SIGN_STYLE = Automatic;
				COMBINE_HIDPI_IMAGES = YES;
				DEVELOPMENT_TEAM = F2J52QJQ9Y;
				INFOPLIST_FILE = PlainPastaTests/Info.plist;
				LD_RUNPATH_SEARCH_PATHS = (
					"$(inherited)",
					"@executable_path/../Frameworks",
					"@loader_path/../Frameworks",
				);
				MACOSX_DEPLOYMENT_TARGET = 10.15;
				PRODUCT_BUNDLE_IDENTIFIER = software.level.PlainPastaTests;
				PRODUCT_NAME = "$(TARGET_NAME)";
				SWIFT_VERSION = 5.0;
				TEST_HOST = "$(BUILT_PRODUCTS_DIR)/Plain Pasta.app/Contents/MacOS/Plain Pasta";
			};
			name = Debug;
		};
		4A4025132509AF5100F893AA /* Release */ = {
			isa = XCBuildConfiguration;
			buildSettings = {
				BUNDLE_LOADER = "$(TEST_HOST)";
				CODE_SIGN_STYLE = Automatic;
				COMBINE_HIDPI_IMAGES = YES;
				DEVELOPMENT_TEAM = F2J52QJQ9Y;
				INFOPLIST_FILE = PlainPastaTests/Info.plist;
				LD_RUNPATH_SEARCH_PATHS = (
					"$(inherited)",
					"@executable_path/../Frameworks",
					"@loader_path/../Frameworks",
				);
				MACOSX_DEPLOYMENT_TARGET = 10.15;
				PRODUCT_BUNDLE_IDENTIFIER = software.level.PlainPastaTests;
				PRODUCT_NAME = "$(TARGET_NAME)";
				SWIFT_VERSION = 5.0;
				TEST_HOST = "$(BUILT_PRODUCTS_DIR)/Plain Pasta.app/Contents/MacOS/Plain Pasta";
			};
			name = Release;
		};
		4A4E59312176AE7A002CF83D /* Debug */ = {
			isa = XCBuildConfiguration;
			buildSettings = {
				ALWAYS_SEARCH_USER_PATHS = NO;
				CLANG_ANALYZER_NONNULL = YES;
				CLANG_ANALYZER_NUMBER_OBJECT_CONVERSION = YES_AGGRESSIVE;
				CLANG_CXX_LANGUAGE_STANDARD = "gnu++14";
				CLANG_CXX_LIBRARY = "libc++";
				CLANG_ENABLE_MODULES = YES;
				CLANG_ENABLE_OBJC_ARC = YES;
				CLANG_ENABLE_OBJC_WEAK = YES;
				CLANG_WARN_BLOCK_CAPTURE_AUTORELEASING = YES;
				CLANG_WARN_BOOL_CONVERSION = YES;
				CLANG_WARN_COMMA = YES;
				CLANG_WARN_CONSTANT_CONVERSION = YES;
				CLANG_WARN_DEPRECATED_OBJC_IMPLEMENTATIONS = YES;
				CLANG_WARN_DIRECT_OBJC_ISA_USAGE = YES_ERROR;
				CLANG_WARN_DOCUMENTATION_COMMENTS = YES;
				CLANG_WARN_EMPTY_BODY = YES;
				CLANG_WARN_ENUM_CONVERSION = YES;
				CLANG_WARN_INFINITE_RECURSION = YES;
				CLANG_WARN_INT_CONVERSION = YES;
				CLANG_WARN_NON_LITERAL_NULL_CONVERSION = YES;
				CLANG_WARN_OBJC_IMPLICIT_RETAIN_SELF = YES;
				CLANG_WARN_OBJC_LITERAL_CONVERSION = YES;
				CLANG_WARN_OBJC_ROOT_CLASS = YES_ERROR;
				CLANG_WARN_QUOTED_INCLUDE_IN_FRAMEWORK_HEADER = YES;
				CLANG_WARN_RANGE_LOOP_ANALYSIS = YES;
				CLANG_WARN_STRICT_PROTOTYPES = YES;
				CLANG_WARN_SUSPICIOUS_MOVE = YES;
				CLANG_WARN_UNGUARDED_AVAILABILITY = YES_AGGRESSIVE;
				CLANG_WARN_UNREACHABLE_CODE = YES;
				CLANG_WARN__DUPLICATE_METHOD_MATCH = YES;
				COPY_PHASE_STRIP = NO;
				DEBUG_INFORMATION_FORMAT = dwarf;
				ENABLE_HARDENED_RUNTIME = YES;
				ENABLE_STRICT_OBJC_MSGSEND = YES;
				ENABLE_TESTABILITY = YES;
				GCC_C_LANGUAGE_STANDARD = gnu11;
				GCC_DYNAMIC_NO_PIC = NO;
				GCC_NO_COMMON_BLOCKS = YES;
				GCC_OPTIMIZATION_LEVEL = 0;
				GCC_PREPROCESSOR_DEFINITIONS = (
					"DEBUG=1",
					"$(inherited)",
				);
				GCC_WARN_64_TO_32_BIT_CONVERSION = YES;
				GCC_WARN_ABOUT_RETURN_TYPE = YES_ERROR;
				GCC_WARN_UNDECLARED_SELECTOR = YES;
				GCC_WARN_UNINITIALIZED_AUTOS = YES_AGGRESSIVE;
				GCC_WARN_UNUSED_FUNCTION = YES;
				GCC_WARN_UNUSED_VARIABLE = YES;
				MACOSX_DEPLOYMENT_TARGET = 10.12;
				MTL_ENABLE_DEBUG_INFO = INCLUDE_SOURCE;
				MTL_FAST_MATH = YES;
				ONLY_ACTIVE_ARCH = YES;
				SDKROOT = macosx;
				SWIFT_ACTIVE_COMPILATION_CONDITIONS = DEBUG;
				SWIFT_OPTIMIZATION_LEVEL = "-Onone";
			};
			name = Debug;
		};
		4A4E59322176AE7A002CF83D /* Release */ = {
			isa = XCBuildConfiguration;
			buildSettings = {
				ALWAYS_SEARCH_USER_PATHS = NO;
				CLANG_ANALYZER_NONNULL = YES;
				CLANG_ANALYZER_NUMBER_OBJECT_CONVERSION = YES_AGGRESSIVE;
				CLANG_CXX_LANGUAGE_STANDARD = "gnu++14";
				CLANG_CXX_LIBRARY = "libc++";
				CLANG_ENABLE_MODULES = YES;
				CLANG_ENABLE_OBJC_ARC = YES;
				CLANG_ENABLE_OBJC_WEAK = YES;
				CLANG_WARN_BLOCK_CAPTURE_AUTORELEASING = YES;
				CLANG_WARN_BOOL_CONVERSION = YES;
				CLANG_WARN_COMMA = YES;
				CLANG_WARN_CONSTANT_CONVERSION = YES;
				CLANG_WARN_DEPRECATED_OBJC_IMPLEMENTATIONS = YES;
				CLANG_WARN_DIRECT_OBJC_ISA_USAGE = YES_ERROR;
				CLANG_WARN_DOCUMENTATION_COMMENTS = YES;
				CLANG_WARN_EMPTY_BODY = YES;
				CLANG_WARN_ENUM_CONVERSION = YES;
				CLANG_WARN_INFINITE_RECURSION = YES;
				CLANG_WARN_INT_CONVERSION = YES;
				CLANG_WARN_NON_LITERAL_NULL_CONVERSION = YES;
				CLANG_WARN_OBJC_IMPLICIT_RETAIN_SELF = YES;
				CLANG_WARN_OBJC_LITERAL_CONVERSION = YES;
				CLANG_WARN_OBJC_ROOT_CLASS = YES_ERROR;
				CLANG_WARN_QUOTED_INCLUDE_IN_FRAMEWORK_HEADER = YES;
				CLANG_WARN_RANGE_LOOP_ANALYSIS = YES;
				CLANG_WARN_STRICT_PROTOTYPES = YES;
				CLANG_WARN_SUSPICIOUS_MOVE = YES;
				CLANG_WARN_UNGUARDED_AVAILABILITY = YES_AGGRESSIVE;
				CLANG_WARN_UNREACHABLE_CODE = YES;
				CLANG_WARN__DUPLICATE_METHOD_MATCH = YES;
				COPY_PHASE_STRIP = NO;
				DEBUG_INFORMATION_FORMAT = "dwarf-with-dsym";
				ENABLE_HARDENED_RUNTIME = YES;
				ENABLE_NS_ASSERTIONS = NO;
				ENABLE_STRICT_OBJC_MSGSEND = YES;
				GCC_C_LANGUAGE_STANDARD = gnu11;
				GCC_NO_COMMON_BLOCKS = YES;
				GCC_WARN_64_TO_32_BIT_CONVERSION = YES;
				GCC_WARN_ABOUT_RETURN_TYPE = YES_ERROR;
				GCC_WARN_UNDECLARED_SELECTOR = YES;
				GCC_WARN_UNINITIALIZED_AUTOS = YES_AGGRESSIVE;
				GCC_WARN_UNUSED_FUNCTION = YES;
				GCC_WARN_UNUSED_VARIABLE = YES;
				MACOSX_DEPLOYMENT_TARGET = 10.12;
				MTL_ENABLE_DEBUG_INFO = NO;
				MTL_FAST_MATH = YES;
				SDKROOT = macosx;
				SWIFT_COMPILATION_MODE = wholemodule;
				SWIFT_OPTIMIZATION_LEVEL = "-O";
			};
			name = Release;
		};
		4A4E59342176AE7A002CF83D /* Debug */ = {
			isa = XCBuildConfiguration;
			buildSettings = {
				ASSETCATALOG_COMPILER_APPICON_NAME = AppIcon;
				CODE_SIGN_ENTITLEMENTS = "PlainPasta/Plain Pasta.entitlements";
				CODE_SIGN_IDENTITY = "Mac Developer";
				CODE_SIGN_STYLE = Automatic;
				COMBINE_HIDPI_IMAGES = YES;
				CURRENT_PROJECT_VERSION = 1.1.5;
				DEVELOPMENT_TEAM = F2J52QJQ9Y;
				ENABLE_HARDENED_RUNTIME = YES;
				FRAMEWORK_SEARCH_PATHS = "$(inherited)";
				INFOPLIST_FILE = "$(SRCROOT)/PlainPasta/Info.plist";
				LD_RUNPATH_SEARCH_PATHS = (
					"$(inherited)",
					"@executable_path/../Frameworks",
				);
				MARKETING_VERSION = 1.1.5;
				PRODUCT_BUNDLE_IDENTIFIER = software.level.PlainPasta;
				PRODUCT_NAME = "$(TARGET_NAME)";
				PROVISIONING_PROFILE_SPECIFIER = "";
				SWIFT_VERSION = 5.0;
			};
			name = Debug;
		};
		4A4E59352176AE7A002CF83D /* Release */ = {
			isa = XCBuildConfiguration;
			buildSettings = {
				ASSETCATALOG_COMPILER_APPICON_NAME = AppIcon;
				CODE_SIGN_ENTITLEMENTS = "PlainPasta/Plain Pasta.entitlements";
				CODE_SIGN_IDENTITY = "Mac Developer";
				CODE_SIGN_STYLE = Automatic;
				COMBINE_HIDPI_IMAGES = YES;
				CURRENT_PROJECT_VERSION = 1.1.5;
				DEVELOPMENT_TEAM = F2J52QJQ9Y;
				ENABLE_HARDENED_RUNTIME = YES;
				FRAMEWORK_SEARCH_PATHS = "$(inherited)";
				INFOPLIST_FILE = "$(SRCROOT)/PlainPasta/Info.plist";
				LD_RUNPATH_SEARCH_PATHS = (
					"$(inherited)",
					"@executable_path/../Frameworks",
				);
				MARKETING_VERSION = 1.1.5;
				PRODUCT_BUNDLE_IDENTIFIER = software.level.PlainPasta;
				PRODUCT_NAME = "$(TARGET_NAME)";
				PROVISIONING_PROFILE_SPECIFIER = "";
				SWIFT_VERSION = 5.0;
			};
			name = Release;
		};
/* End XCBuildConfiguration section */

/* Begin XCConfigurationList section */
		4A4025142509AF5100F893AA /* Build configuration list for PBXNativeTarget "PlainPastaTests" */ = {
			isa = XCConfigurationList;
			buildConfigurations = (
				4A4025122509AF5100F893AA /* Debug */,
				4A4025132509AF5100F893AA /* Release */,
			);
			defaultConfigurationIsVisible = 0;
			defaultConfigurationName = Release;
		};
		4A4E591E2176AE7A002CF83D /* Build configuration list for PBXProject "PlainPasta" */ = {
			isa = XCConfigurationList;
			buildConfigurations = (
				4A4E59312176AE7A002CF83D /* Debug */,
				4A4E59322176AE7A002CF83D /* Release */,
			);
			defaultConfigurationIsVisible = 0;
			defaultConfigurationName = Release;
		};
		4A4E59332176AE7A002CF83D /* Build configuration list for PBXNativeTarget "Plain Pasta" */ = {
			isa = XCConfigurationList;
			buildConfigurations = (
				4A4E59342176AE7A002CF83D /* Debug */,
				4A4E59352176AE7A002CF83D /* Release */,
			);
			defaultConfigurationIsVisible = 0;
			defaultConfigurationName = Release;
		};
/* End XCConfigurationList section */
	};
	rootObject = 4A4E591B2176AE7A002CF83D /* Project object */;
}
