// !$*UTF8*$!
{
	archiveVersion = 1;
	classes = {
	};
	objectVersion = 54;
	objects = {

/* Begin PBXBuildFile section */
		4A39A900254B2C8300F5D33B /* Settings.swift in Sources */ = {isa = PBXBuildFile; fileRef = 4A39A8FF254B2C8300F5D33B /* Settings.swift */; };
		4A40250E2509AF5100F893AA /* PlainPastaTests.swift in Sources */ = {isa = PBXBuildFile; fileRef = 4A40250D2509AF5100F893AA /* PlainPastaTests.swift */; };
		4A4E59272176AE7A002CF83D /* AppDelegate.swift in Sources */ = {isa = PBXBuildFile; fileRef = 4A4E59262176AE7A002CF83D /* AppDelegate.swift */; };
		4A4E592B2176AE7A002CF83D /* Assets.xcassets in Resources */ = {isa = PBXBuildFile; fileRef = 4A4E592A2176AE7A002CF83D /* Assets.xcassets */; };
		4A545D7D25105622004EF5BD /* NSPasteboard+PlainPasta.swift in Sources */ = {isa = PBXBuildFile; fileRef = 4A545D7C25105622004EF5BD /* NSPasteboard+PlainPasta.swift */; };
		4A5E4D27268796C200AD62E3 /* PasteboardPublisher in Frameworks */ = {isa = PBXBuildFile; productRef = 4A5E4D26268796C200AD62E3 /* PasteboardPublisher */; };
		4AA984F42178DF6500B64A3F /* PasteboardMonitor.swift in Sources */ = {isa = PBXBuildFile; fileRef = 4AA984F32178DF6500B64A3F /* PasteboardMonitor.swift */; };
		4ABAB98025D9916E00D50FC4 /* Preferences in Frameworks */ = {isa = PBXBuildFile; productRef = 4ABAB97F25D9916E00D50FC4 /* Preferences */; };
		4ABAB98325D9918A00D50FC4 /* Defaults in Frameworks */ = {isa = PBXBuildFile; productRef = 4ABAB98225D9918A00D50FC4 /* Defaults */; };
		4ABAB98525D9923A00D50FC4 /* GeneralPreferencesView.swift in Sources */ = {isa = PBXBuildFile; fileRef = 4ABAB98425D9923A00D50FC4 /* GeneralPreferencesView.swift */; };
		4ABAB98825D9A05A00D50FC4 /* KeyboardShortcuts in Frameworks */ = {isa = PBXBuildFile; productRef = 4ABAB98725D9A05A00D50FC4 /* KeyboardShortcuts */; };
		4AD9013F250EAF3200BDABE3 /* StatusItemController.swift in Sources */ = {isa = PBXBuildFile; fileRef = 4AD9013E250EAF3200BDABE3 /* StatusItemController.swift */; };
		4ADE040D24ECC23F0045181C /* LocalizedStrings.swift in Sources */ = {isa = PBXBuildFile; fileRef = 4ADE040C24ECC23F0045181C /* LocalizedStrings.swift */; };
		F218F38625DDA87B002146F9 /* DebuggingPreferencesView.swift in Sources */ = {isa = PBXBuildFile; fileRef = F218F38525DDA87B002146F9 /* DebuggingPreferencesView.swift */; };
		F218F38825DDA888002146F9 /* KeyboardShortcutsPreferencesView.swift in Sources */ = {isa = PBXBuildFile; fileRef = F218F38725DDA888002146F9 /* KeyboardShortcutsPreferencesView.swift */; };
		F2B11C6125AE4CC300DB6C83 /* MainMenu.xib in Resources */ = {isa = PBXBuildFile; fileRef = F2B11C6325AE4CC300DB6C83 /* MainMenu.xib */; };
/* End PBXBuildFile section */

/* Begin PBXContainerItemProxy section */
		4A4025102509AF5100F893AA /* PBXContainerItemProxy */ = {
			isa = PBXContainerItemProxy;
			containerPortal = 4A4E591B2176AE7A002CF83D /* Project object */;
			proxyType = 1;
			remoteGlobalIDString = 4A4E59222176AE7A002CF83D;
			remoteInfo = "Plain Pasta";
		};
/* End PBXContainerItemProxy section */

/* Begin PBXFileReference section */
		4A39A8FF254B2C8300F5D33B /* Settings.swift */ = {isa = PBXFileReference; lastKnownFileType = sourcecode.swift; path = Settings.swift; sourceTree = "<group>"; };
		4A3FFE83254B408500A47ADA /* PlainPastaTests-Debug.xcconfig */ = {isa = PBXFileReference; lastKnownFileType = text.xcconfig; path = "PlainPastaTests-Debug.xcconfig"; sourceTree = "<group>"; };
		4A3FFE84254B408500A47ADA /* PlainPastaTests-Release.xcconfig */ = {isa = PBXFileReference; lastKnownFileType = text.xcconfig; path = "PlainPastaTests-Release.xcconfig"; sourceTree = "<group>"; };
		4A3FFE85254B408500A47ADA /* PlainPastaTests-Shared.xcconfig */ = {isa = PBXFileReference; lastKnownFileType = text.xcconfig; path = "PlainPastaTests-Shared.xcconfig"; sourceTree = "<group>"; };
		4A3FFE87254B408500A47ADA /* Project-Release.xcconfig */ = {isa = PBXFileReference; lastKnownFileType = text.xcconfig; path = "Project-Release.xcconfig"; sourceTree = "<group>"; };
		4A3FFE88254B408500A47ADA /* Project-Shared.xcconfig */ = {isa = PBXFileReference; lastKnownFileType = text.xcconfig; path = "Project-Shared.xcconfig"; sourceTree = "<group>"; };
		4A3FFE89254B408500A47ADA /* Project-Debug.xcconfig */ = {isa = PBXFileReference; lastKnownFileType = text.xcconfig; path = "Project-Debug.xcconfig"; sourceTree = "<group>"; };
		4A3FFE8B254B408500A47ADA /* Plain-Pasta-Debug.xcconfig */ = {isa = PBXFileReference; lastKnownFileType = text.xcconfig; path = "Plain-Pasta-Debug.xcconfig"; sourceTree = "<group>"; };
		4A3FFE8C254B408500A47ADA /* Plain-Pasta-Release.xcconfig */ = {isa = PBXFileReference; lastKnownFileType = text.xcconfig; path = "Plain-Pasta-Release.xcconfig"; sourceTree = "<group>"; };
		4A3FFE8D254B408500A47ADA /* Plain-Pasta-Shared.xcconfig */ = {isa = PBXFileReference; lastKnownFileType = text.xcconfig; path = "Plain-Pasta-Shared.xcconfig"; sourceTree = "<group>"; };
		4A3FFE90254B40A100A47ADA /* VerifyNoBS.swift */ = {isa = PBXFileReference; lastKnownFileType = sourcecode.swift; path = VerifyNoBS.swift; sourceTree = "<group>"; };
		4A3FFE91254B40A100A47ADA /* README.md */ = {isa = PBXFileReference; lastKnownFileType = net.daringfireball.markdown; path = README.md; sourceTree = "<group>"; };
		4A3FFE92254B40A100A47ADA /* .gitignore */ = {isa = PBXFileReference; lastKnownFileType = text; path = .gitignore; sourceTree = "<group>"; };
		4A3FFEA4254B427500A47ADA /* PlainPastaTests.xctestplan */ = {isa = PBXFileReference; lastKnownFileType = text; path = PlainPastaTests.xctestplan; sourceTree = "<group>"; };
		4A40250B2509AF5100F893AA /* PlainPastaTests.xctest */ = {isa = PBXFileReference; explicitFileType = wrapper.cfbundle; includeInIndex = 0; path = PlainPastaTests.xctest; sourceTree = BUILT_PRODUCTS_DIR; };
		4A40250D2509AF5100F893AA /* PlainPastaTests.swift */ = {isa = PBXFileReference; lastKnownFileType = sourcecode.swift; path = PlainPastaTests.swift; sourceTree = "<group>"; };
		4A40250F2509AF5100F893AA /* Info.plist */ = {isa = PBXFileReference; lastKnownFileType = text.plist.xml; path = Info.plist; sourceTree = "<group>"; };
		4A4E59232176AE7A002CF83D /* Plain Pasta.app */ = {isa = PBXFileReference; explicitFileType = wrapper.application; includeInIndex = 0; path = "Plain Pasta.app"; sourceTree = BUILT_PRODUCTS_DIR; };
		4A4E59262176AE7A002CF83D /* AppDelegate.swift */ = {isa = PBXFileReference; lastKnownFileType = sourcecode.swift; path = AppDelegate.swift; sourceTree = "<group>"; };
		4A4E592A2176AE7A002CF83D /* Assets.xcassets */ = {isa = PBXFileReference; lastKnownFileType = folder.assetcatalog; path = Assets.xcassets; sourceTree = "<group>"; };
		4A4E592F2176AE7A002CF83D /* Info.plist */ = {isa = PBXFileReference; lastKnownFileType = text.plist.xml; path = Info.plist; sourceTree = "<group>"; };
		4A545D7C25105622004EF5BD /* NSPasteboard+PlainPasta.swift */ = {isa = PBXFileReference; lastKnownFileType = sourcecode.swift; path = "NSPasteboard+PlainPasta.swift"; sourceTree = "<group>"; };
		4A8A68162176C5F500A4F1D8 /* .gitignore */ = {isa = PBXFileReference; lastKnownFileType = text; path = .gitignore; sourceTree = "<group>"; };
		4A8A68172176C5F500A4F1D8 /* .swiftlint.yml */ = {isa = PBXFileReference; lastKnownFileType = text; path = .swiftlint.yml; sourceTree = "<group>"; };
		4A8A68182176C5F500A4F1D8 /* changelog.md */ = {isa = PBXFileReference; lastKnownFileType = net.daringfireball.markdown; path = changelog.md; sourceTree = "<group>"; };
		4A8A68192176C5F500A4F1D8 /* LICENSE */ = {isa = PBXFileReference; lastKnownFileType = text; path = LICENSE; sourceTree = "<group>"; };
		4A8A681A2176C5F500A4F1D8 /* README.md */ = {isa = PBXFileReference; lastKnownFileType = net.daringfireball.markdown; path = README.md; sourceTree = "<group>"; };
		4AA7338C2507431400C9E7FC /* Assets */ = {isa = PBXFileReference; lastKnownFileType = folder; path = Assets; sourceTree = "<group>"; };
		4AA7338D2507431400C9E7FC /* docs */ = {isa = PBXFileReference; lastKnownFileType = folder; path = docs; sourceTree = "<group>"; };
		4AA984F32178DF6500B64A3F /* PasteboardMonitor.swift */ = {isa = PBXFileReference; lastKnownFileType = sourcecode.swift; path = PasteboardMonitor.swift; sourceTree = "<group>"; };
		4ABAB98425D9923A00D50FC4 /* GeneralPreferencesView.swift */ = {isa = PBXFileReference; lastKnownFileType = sourcecode.swift; path = GeneralPreferencesView.swift; sourceTree = "<group>"; };
		4AD9013E250EAF3200BDABE3 /* StatusItemController.swift */ = {isa = PBXFileReference; lastKnownFileType = sourcecode.swift; path = StatusItemController.swift; sourceTree = "<group>"; };
		4ADA4F6C25A219CB00893A0A /* .gitmodules */ = {isa = PBXFileReference; lastKnownFileType = text; path = .gitmodules; sourceTree = "<group>"; };
		4ADE040C24ECC23F0045181C /* LocalizedStrings.swift */ = {isa = PBXFileReference; fileEncoding = 4; lastKnownFileType = sourcecode.swift; path = LocalizedStrings.swift; sourceTree = "<group>"; };
		F218F38525DDA87B002146F9 /* DebuggingPreferencesView.swift */ = {isa = PBXFileReference; lastKnownFileType = sourcecode.swift; path = DebuggingPreferencesView.swift; sourceTree = "<group>"; };
		F218F38725DDA888002146F9 /* KeyboardShortcutsPreferencesView.swift */ = {isa = PBXFileReference; lastKnownFileType = sourcecode.swift; path = KeyboardShortcutsPreferencesView.swift; sourceTree = "<group>"; };
		F281EFA325AE518F00B33DD9 /* Base */ = {isa = PBXFileReference; lastKnownFileType = file.xib; name = Base; path = Base.lproj/MainMenu.xib; sourceTree = "<group>"; };
		F2E4F2ED22AED9E0006313B9 /* Plain Pasta.entitlements */ = {isa = PBXFileReference; lastKnownFileType = text.plist.entitlements; path = "Plain Pasta.entitlements"; sourceTree = "<group>"; };
/* End PBXFileReference section */

/* Begin PBXFrameworksBuildPhase section */
		4A4025082509AF5100F893AA /* Frameworks */ = {
			isa = PBXFrameworksBuildPhase;
			buildActionMask = 2147483647;
			files = (
			);
			runOnlyForDeploymentPostprocessing = 0;
		};
		4A4E59202176AE7A002CF83D /* Frameworks */ = {
			isa = PBXFrameworksBuildPhase;
			buildActionMask = 2147483647;
			files = (
				4ABAB98325D9918A00D50FC4 /* Defaults in Frameworks */,
				4ABAB98025D9916E00D50FC4 /* Preferences in Frameworks */,
				4A5E4D27268796C200AD62E3 /* PasteboardPublisher in Frameworks */,
				4ABAB98825D9A05A00D50FC4 /* KeyboardShortcuts in Frameworks */,
			);
			runOnlyForDeploymentPostprocessing = 0;
		};
/* End PBXFrameworksBuildPhase section */

/* Begin PBXGroup section */
		4A34A9252177E2FA00DEED79 /* Frameworks */ = {
			isa = PBXGroup;
			children = (
			);
			name = Frameworks;
			sourceTree = "<group>";
		};
		4A3FFE81254B408500A47ADA /* Config */ = {
			isa = PBXGroup;
			children = (
				4A3FFE86254B408500A47ADA /* Project */,
				4A3FFE8A254B408500A47ADA /* Plain Pasta */,
				4A3FFE82254B408500A47ADA /* PlainPastaTests */,
			);
			path = Config;
			sourceTree = "<group>";
		};
		4A3FFE82254B408500A47ADA /* PlainPastaTests */ = {
			isa = PBXGroup;
			children = (
				4A3FFE85254B408500A47ADA /* PlainPastaTests-Shared.xcconfig */,
				4A3FFE83254B408500A47ADA /* PlainPastaTests-Debug.xcconfig */,
				4A3FFE84254B408500A47ADA /* PlainPastaTests-Release.xcconfig */,
			);
			path = PlainPastaTests;
			sourceTree = "<group>";
		};
		4A3FFE86254B408500A47ADA /* Project */ = {
			isa = PBXGroup;
			children = (
				4A3FFE88254B408500A47ADA /* Project-Shared.xcconfig */,
				4A3FFE89254B408500A47ADA /* Project-Debug.xcconfig */,
				4A3FFE87254B408500A47ADA /* Project-Release.xcconfig */,
			);
			path = Project;
			sourceTree = "<group>";
		};
		4A3FFE8A254B408500A47ADA /* Plain Pasta */ = {
			isa = PBXGroup;
			children = (
				4A3FFE8D254B408500A47ADA /* Plain-Pasta-Shared.xcconfig */,
				4A3FFE8B254B408500A47ADA /* Plain-Pasta-Debug.xcconfig */,
				4A3FFE8C254B408500A47ADA /* Plain-Pasta-Release.xcconfig */,
			);
			path = "Plain Pasta";
			sourceTree = "<group>";
		};
		4A3FFE8E254B40A100A47ADA /* buildscripts */ = {
			isa = PBXGroup;
			children = (
				4A3FFE8F254B40A100A47ADA /* VerifyNoBS */,
			);
			path = buildscripts;
			sourceTree = "<group>";
		};
		4A3FFE8F254B40A100A47ADA /* VerifyNoBS */ = {
			isa = PBXGroup;
			children = (
				4A3FFE90254B40A100A47ADA /* VerifyNoBS.swift */,
				4A3FFE91254B40A100A47ADA /* README.md */,
				4A3FFE92254B40A100A47ADA /* .gitignore */,
			);
			path = VerifyNoBS;
			sourceTree = "<group>";
		};
		4A40250C2509AF5100F893AA /* PlainPastaTests */ = {
			isa = PBXGroup;
			children = (
				4A40250D2509AF5100F893AA /* PlainPastaTests.swift */,
				4A3FFEA4254B427500A47ADA /* PlainPastaTests.xctestplan */,
				4A40250F2509AF5100F893AA /* Info.plist */,
			);
			path = PlainPastaTests;
			sourceTree = "<group>";
		};
		4A4E591A2176AE7A002CF83D = {
			isa = PBXGroup;
			children = (
				4A8A681A2176C5F500A4F1D8 /* README.md */,
				4A8A68182176C5F500A4F1D8 /* changelog.md */,
				4A4E59252176AE7A002CF83D /* PlainPasta */,
				4A40250C2509AF5100F893AA /* PlainPastaTests */,
				4A8A68192176C5F500A4F1D8 /* LICENSE */,
				4A8A68172176C5F500A4F1D8 /* .swiftlint.yml */,
				4A8A68162176C5F500A4F1D8 /* .gitignore */,
				4ADA4F6C25A219CB00893A0A /* .gitmodules */,
				4A3FFE81254B408500A47ADA /* Config */,
				4A3FFE8E254B40A100A47ADA /* buildscripts */,
				4AA7338D2507431400C9E7FC /* docs */,
				4AA7338C2507431400C9E7FC /* Assets */,
				4A4E59242176AE7A002CF83D /* Products */,
				4A34A9252177E2FA00DEED79 /* Frameworks */,
			);
			sourceTree = "<group>";
			usesTabs = 1;
		};
		4A4E59242176AE7A002CF83D /* Products */ = {
			isa = PBXGroup;
			children = (
				4A4E59232176AE7A002CF83D /* Plain Pasta.app */,
				4A40250B2509AF5100F893AA /* PlainPastaTests.xctest */,
			);
			name = Products;
			sourceTree = "<group>";
		};
		4A4E59252176AE7A002CF83D /* PlainPasta */ = {
			isa = PBXGroup;
			children = (
				F208D65A25A9187400D65C41 /* Preferences */,
				4A4E59262176AE7A002CF83D /* AppDelegate.swift */,
				4AA984F32178DF6500B64A3F /* PasteboardMonitor.swift */,
				4A545D7C25105622004EF5BD /* NSPasteboard+PlainPasta.swift */,
				4AD9013E250EAF3200BDABE3 /* StatusItemController.swift */,
				4ADE040C24ECC23F0045181C /* LocalizedStrings.swift */,
				4A4E592A2176AE7A002CF83D /* Assets.xcassets */,
				F2B11C6325AE4CC300DB6C83 /* MainMenu.xib */,
				4A4E592F2176AE7A002CF83D /* Info.plist */,
				F2E4F2ED22AED9E0006313B9 /* Plain Pasta.entitlements */,
			);
			path = PlainPasta;
			sourceTree = "<group>";
		};
		F208D65A25A9187400D65C41 /* Preferences */ = {
			isa = PBXGroup;
			children = (
				4A39A8FF254B2C8300F5D33B /* Settings.swift */,
				4ABAB98425D9923A00D50FC4 /* GeneralPreferencesView.swift */,
				F218F38525DDA87B002146F9 /* DebuggingPreferencesView.swift */,
				F218F38725DDA888002146F9 /* KeyboardShortcutsPreferencesView.swift */,
			);
			path = Preferences;
			sourceTree = "<group>";
		};
/* End PBXGroup section */

/* Begin PBXNativeTarget section */
		4A40250A2509AF5100F893AA /* PlainPastaTests */ = {
			isa = PBXNativeTarget;
			buildConfigurationList = 4A4025142509AF5100F893AA /* Build configuration list for PBXNativeTarget "PlainPastaTests" */;
			buildPhases = (
				4A1DCE3D254B3E95005B1EBC /* Run SwiftLint */,
				4A1DCE3F254B3F0C005B1EBC /* Run VerifyNoBS */,
				4A4025072509AF5100F893AA /* Sources */,
				4A4025082509AF5100F893AA /* Frameworks */,
				4A4025092509AF5100F893AA /* Resources */,
			);
			buildRules = (
			);
			dependencies = (
				4A4025112509AF5100F893AA /* PBXTargetDependency */,
			);
			name = PlainPastaTests;
			packageProductDependencies = (
			);
			productName = PlainPastaTests;
			productReference = 4A40250B2509AF5100F893AA /* PlainPastaTests.xctest */;
			productType = "com.apple.product-type.bundle.unit-test";
		};
		4A4E59222176AE7A002CF83D /* Plain Pasta */ = {
			isa = PBXNativeTarget;
			buildConfigurationList = 4A4E59332176AE7A002CF83D /* Build configuration list for PBXNativeTarget "Plain Pasta" */;
			buildPhases = (
				4A5E917721791748001C378F /* Run SwiftLint */,
				4A1DCE3E254B3EFD005B1EBC /* Run VerifyNoBS */,
				4A4E591F2176AE7A002CF83D /* Sources */,
				4A4E59202176AE7A002CF83D /* Frameworks */,
				4A4E59212176AE7A002CF83D /* Resources */,
			);
			buildRules = (
			);
			dependencies = (
			);
			name = "Plain Pasta";
			packageProductDependencies = (
				4ABAB97F25D9916E00D50FC4 /* Preferences */,
				4ABAB98225D9918A00D50FC4 /* Defaults */,
				4ABAB98725D9A05A00D50FC4 /* KeyboardShortcuts */,
				4A5E4D26268796C200AD62E3 /* PasteboardPublisher */,
			);
			productName = PlainPaste;
			productReference = 4A4E59232176AE7A002CF83D /* Plain Pasta.app */;
			productType = "com.apple.product-type.application";
		};
/* End PBXNativeTarget section */

/* Begin PBXProject section */
		4A4E591B2176AE7A002CF83D /* Project object */ = {
			isa = PBXProject;
			attributes = {
				LastSwiftUpdateCheck = 1200;
				LastUpgradeCheck = 1200;
				ORGANIZATIONNAME = Levelsoft;
				TargetAttributes = {
					4A40250A2509AF5100F893AA = {
						CreatedOnToolsVersion = 12.0;
					};
					4A4E59222176AE7A002CF83D = {
						CreatedOnToolsVersion = 10.0;
						LastSwiftMigration = 1200;
						SystemCapabilities = {
							com.apple.Push = {
								enabled = 0;
							};
							com.apple.Sandbox = {
								enabled = 1;
							};
						};
					};
				};
			};
			buildConfigurationList = 4A4E591E2176AE7A002CF83D /* Build configuration list for PBXProject "PlainPasta" */;
			compatibilityVersion = "Xcode 12.0";
			developmentRegion = en;
			hasScannedForEncodings = 0;
			knownRegions = (
				en,
				Base,
			);
			mainGroup = 4A4E591A2176AE7A002CF83D;
			packageReferences = (
				4ABAB97E25D9916E00D50FC4 /* XCRemoteSwiftPackageReference "Preferences" */,
				4ABAB98125D9918A00D50FC4 /* XCRemoteSwiftPackageReference "Defaults" */,
				4ABAB98625D9A05A00D50FC4 /* XCRemoteSwiftPackageReference "KeyboardShortcuts" */,
				4A5E4D25268796C200AD62E3 /* XCRemoteSwiftPackageReference "PasteboardPublisher" */,
			);
			productRefGroup = 4A4E59242176AE7A002CF83D /* Products */;
			projectDirPath = "";
			projectRoot = "";
			targets = (
				4A4E59222176AE7A002CF83D /* Plain Pasta */,
				4A40250A2509AF5100F893AA /* PlainPastaTests */,
			);
		};
/* End PBXProject section */

/* Begin PBXResourcesBuildPhase section */
		4A4025092509AF5100F893AA /* Resources */ = {
			isa = PBXResourcesBuildPhase;
			buildActionMask = 2147483647;
			files = (
			);
			runOnlyForDeploymentPostprocessing = 0;
		};
		4A4E59212176AE7A002CF83D /* Resources */ = {
			isa = PBXResourcesBuildPhase;
			buildActionMask = 2147483647;
			files = (
				4A4E592B2176AE7A002CF83D /* Assets.xcassets in Resources */,
				F2B11C6125AE4CC300DB6C83 /* MainMenu.xib in Resources */,
			);
			runOnlyForDeploymentPostprocessing = 0;
		};
/* End PBXResourcesBuildPhase section */

/* Begin PBXShellScriptBuildPhase section */
		4A1DCE3D254B3E95005B1EBC /* Run SwiftLint */ = {
			isa = PBXShellScriptBuildPhase;
			buildActionMask = 2147483647;
			files = (
			);
			inputFileListPaths = (
			);
			inputPaths = (
			);
			name = "Run SwiftLint";
			outputFileListPaths = (
			);
			outputPaths = (
			);
			runOnlyForDeploymentPostprocessing = 0;
			shellPath = /bin/sh;
			shellScript = "if which swiftlint >/dev/null; then\n    swiftlint\nelse\n    echo \"warning: SwiftLint not installed, download from https://github.com/realm/SwiftLint\"\nfi\n";
		};
		4A1DCE3E254B3EFD005B1EBC /* Run VerifyNoBS */ = {
			isa = PBXShellScriptBuildPhase;
			buildActionMask = 2147483647;
			files = (
			);
			inputFileListPaths = (
			);
			inputPaths = (
			);
			name = "Run VerifyNoBS";
			outputFileListPaths = (
			);
			outputPaths = (
			);
			runOnlyForDeploymentPostprocessing = 0;
			shellPath = /bin/sh;
			shellScript = "xcrun -sdk macosx swift buildscripts/VerifyNoBS/VerifyNoBS.swift  --xcode  ${PROJECT_DIR}/${PROJECT_NAME}.xcodeproj/project.pbxproj\n";
		};
		4A1DCE3F254B3F0C005B1EBC /* Run VerifyNoBS */ = {
			isa = PBXShellScriptBuildPhase;
			buildActionMask = 2147483647;
			files = (
			);
			inputFileListPaths = (
			);
			inputPaths = (
			);
			name = "Run VerifyNoBS";
			outputFileListPaths = (
			);
			outputPaths = (
			);
			runOnlyForDeploymentPostprocessing = 0;
			shellPath = /bin/sh;
			shellScript = "xcrun -sdk macosx swift buildscripts/VerifyNoBS/VerifyNoBS.swift  --xcode  ${PROJECT_DIR}/${PROJECT_NAME}.xcodeproj/project.pbxproj\n";
		};
		4A5E917721791748001C378F /* Run SwiftLint */ = {
			isa = PBXShellScriptBuildPhase;
			buildActionMask = 2147483647;
			files = (
			);
			inputFileListPaths = (
			);
			inputPaths = (
			);
			name = "Run SwiftLint";
			outputFileListPaths = (
			);
			outputPaths = (
			);
			runOnlyForDeploymentPostprocessing = 0;
			shellPath = /bin/sh;
			shellScript = "# Support for M1 Macs: Homebrew is installed on /opt/homebrew/ by default\nPATH=/opt/homebrew/bin/:$PATH\n\nif which swiftlint >/dev/null; then\n  swiftlint\nelse\n  echo \"warning: SwiftLint not installed, download from https://github.com/realm/SwiftLint\"\nfi\n";
		};
/* End PBXShellScriptBuildPhase section */

/* Begin PBXSourcesBuildPhase section */
		4A4025072509AF5100F893AA /* Sources */ = {
			isa = PBXSourcesBuildPhase;
			buildActionMask = 2147483647;
			files = (
				4A40250E2509AF5100F893AA /* PlainPastaTests.swift in Sources */,
			);
			runOnlyForDeploymentPostprocessing = 0;
		};
		4A4E591F2176AE7A002CF83D /* Sources */ = {
			isa = PBXSourcesBuildPhase;
			buildActionMask = 2147483647;
			files = (
				4A4E59272176AE7A002CF83D /* AppDelegate.swift in Sources */,
				F218F38625DDA87B002146F9 /* DebuggingPreferencesView.swift in Sources */,
				4AD9013F250EAF3200BDABE3 /* StatusItemController.swift in Sources */,
				4ADE040D24ECC23F0045181C /* LocalizedStrings.swift in Sources */,
				4A39A900254B2C8300F5D33B /* Settings.swift in Sources */,
				4AA984F42178DF6500B64A3F /* PasteboardMonitor.swift in Sources */,
				4A545D7D25105622004EF5BD /* NSPasteboard+PlainPasta.swift in Sources */,
				4ABAB98525D9923A00D50FC4 /* GeneralPreferencesView.swift in Sources */,
				F218F38825DDA888002146F9 /* KeyboardShortcutsPreferencesView.swift in Sources */,
			);
			runOnlyForDeploymentPostprocessing = 0;
		};
/* End PBXSourcesBuildPhase section */

/* Begin PBXTargetDependency section */
		4A4025112509AF5100F893AA /* PBXTargetDependency */ = {
			isa = PBXTargetDependency;
			target = 4A4E59222176AE7A002CF83D /* Plain Pasta */;
			targetProxy = 4A4025102509AF5100F893AA /* PBXContainerItemProxy */;
		};
/* End PBXTargetDependency section */

/* Begin PBXVariantGroup section */
		F2B11C6325AE4CC300DB6C83 /* MainMenu.xib */ = {
			isa = PBXVariantGroup;
			children = (
				F281EFA325AE518F00B33DD9 /* Base */,
			);
			name = MainMenu.xib;
			sourceTree = "<group>";
		};
/* End PBXVariantGroup section */

/* Begin XCBuildConfiguration section */
		4A4025122509AF5100F893AA /* Debug */ = {
			isa = XCBuildConfiguration;
			baseConfigurationReference = 4A3FFE83254B408500A47ADA /* PlainPastaTests-Debug.xcconfig */;
			buildSettings = {
			};
			name = Debug;
		};
		4A4025132509AF5100F893AA /* Release */ = {
			isa = XCBuildConfiguration;
			baseConfigurationReference = 4A3FFE84254B408500A47ADA /* PlainPastaTests-Release.xcconfig */;
			buildSettings = {
			};
			name = Release;
		};
		4A4E59312176AE7A002CF83D /* Debug */ = {
			isa = XCBuildConfiguration;
			baseConfigurationReference = 4A3FFE89254B408500A47ADA /* Project-Debug.xcconfig */;
			buildSettings = {
			};
			name = Debug;
		};
		4A4E59322176AE7A002CF83D /* Release */ = {
			isa = XCBuildConfiguration;
			baseConfigurationReference = 4A3FFE87254B408500A47ADA /* Project-Release.xcconfig */;
			buildSettings = {
			};
			name = Release;
		};
		4A4E59342176AE7A002CF83D /* Debug */ = {
			isa = XCBuildConfiguration;
			baseConfigurationReference = 4A3FFE8B254B408500A47ADA /* Plain-Pasta-Debug.xcconfig */;
			buildSettings = {
				CODE_SIGN_IDENTITY = "Apple Development";
			};
			name = Debug;
		};
		4A4E59352176AE7A002CF83D /* Release */ = {
			isa = XCBuildConfiguration;
			baseConfigurationReference = 4A3FFE8C254B408500A47ADA /* Plain-Pasta-Release.xcconfig */;
			buildSettings = {
				CODE_SIGN_IDENTITY = "Apple Development";
			};
			name = Release;
		};
/* End XCBuildConfiguration section */

/* Begin XCConfigurationList section */
		4A4025142509AF5100F893AA /* Build configuration list for PBXNativeTarget "PlainPastaTests" */ = {
			isa = XCConfigurationList;
			buildConfigurations = (
				4A4025122509AF5100F893AA /* Debug */,
				4A4025132509AF5100F893AA /* Release */,
			);
			defaultConfigurationIsVisible = 0;
			defaultConfigurationName = Release;
		};
		4A4E591E2176AE7A002CF83D /* Build configuration list for PBXProject "PlainPasta" */ = {
			isa = XCConfigurationList;
			buildConfigurations = (
				4A4E59312176AE7A002CF83D /* Debug */,
				4A4E59322176AE7A002CF83D /* Release */,
			);
			defaultConfigurationIsVisible = 0;
			defaultConfigurationName = Release;
		};
		4A4E59332176AE7A002CF83D /* Build configuration list for PBXNativeTarget "Plain Pasta" */ = {
			isa = XCConfigurationList;
			buildConfigurations = (
				4A4E59342176AE7A002CF83D /* Debug */,
				4A4E59352176AE7A002CF83D /* Release */,
			);
			defaultConfigurationIsVisible = 0;
			defaultConfigurationName = Release;
		};
/* End XCConfigurationList section */

/* Begin XCRemoteSwiftPackageReference section */
		4A5E4D25268796C200AD62E3 /* XCRemoteSwiftPackageReference "PasteboardPublisher" */ = {
			isa = XCRemoteSwiftPackageReference;
			repositoryURL = "https://github.com/hisaac/PasteboardPublisher.git";
			requirement = {
				branch = main;
				kind = branch;
			};
		};
		4ABAB97E25D9916E00D50FC4 /* XCRemoteSwiftPackageReference "Preferences" */ = {
			isa = XCRemoteSwiftPackageReference;
			repositoryURL = "https://github.com/sindresorhus/Preferences";
			requirement = {
				kind = upToNextMajorVersion;
				minimumVersion = 2.2.0;
			};
		};
		4ABAB98125D9918A00D50FC4 /* XCRemoteSwiftPackageReference "Defaults" */ = {
			isa = XCRemoteSwiftPackageReference;
			repositoryURL = "https://github.com/sindresorhus/Defaults";
			requirement = {
				kind = upToNextMajorVersion;
				minimumVersion = 4.1.0;
			};
		};
		4ABAB98625D9A05A00D50FC4 /* XCRemoteSwiftPackageReference "KeyboardShortcuts" */ = {
			isa = XCRemoteSwiftPackageReference;
			repositoryURL = "https://github.com/sindresorhus/KeyboardShortcuts";
			requirement = {
				kind = upToNextMajorVersion;
				minimumVersion = 0.7.0;
			};
		};
/* End XCRemoteSwiftPackageReference section */

/* Begin XCSwiftPackageProductDependency section */
		4A5E4D26268796C200AD62E3 /* PasteboardPublisher */ = {
			isa = XCSwiftPackageProductDependency;
			package = 4A5E4D25268796C200AD62E3 /* XCRemoteSwiftPackageReference "PasteboardPublisher" */;
			productName = PasteboardPublisher;
		};
		4ABAB97F25D9916E00D50FC4 /* Preferences */ = {
			isa = XCSwiftPackageProductDependency;
			package = 4ABAB97E25D9916E00D50FC4 /* XCRemoteSwiftPackageReference "Preferences" */;
			productName = Preferences;
		};
		4ABAB98225D9918A00D50FC4 /* Defaults */ = {
			isa = XCSwiftPackageProductDependency;
			package = 4ABAB98125D9918A00D50FC4 /* XCRemoteSwiftPackageReference "Defaults" */;
			productName = Defaults;
		};
		4ABAB98725D9A05A00D50FC4 /* KeyboardShortcuts */ = {
			isa = XCSwiftPackageProductDependency;
			package = 4ABAB98625D9A05A00D50FC4 /* XCRemoteSwiftPackageReference "KeyboardShortcuts" */;
			productName = KeyboardShortcuts;
		};
/* End XCSwiftPackageProductDependency section */
	};
	rootObject = 4A4E591B2176AE7A002CF83D /* Project object */;
}
