{
  "object": {
    "pins": [
      {
        "package": "Defaults",
        "repositoryURL": "https://github.com/sindresorhus/Defaults",
        "state": {
          "branch": null,
          "revision": "229dea452fee8d2205f56a12e5c21dfec00948f2",
          "version": "4.2.2"
        }
      },
      {
        "package": "KeyboardShortcuts",
        "repositoryURL": "https://github.com/sindresorhus/KeyboardShortcuts",
        "state": {
          "branch": null,
          "revision": "f09de800a4f05d66fe2a9924c81a932454a9f39a",
          "version": "0.7.1"
        }
      },
      {
        "package": "PasteboardPublisher",
        "repositoryURL": "https://github.com/hisaac/PasteboardPublisher.git",
        "state": {
          "branch": "main",
          "revision": "2404f4ee6df54f828a9fe5997dcb8443bb6ad64d",
          "version": null
        }
      },
      {
        "package": "Preferences",
        "repositoryURL": "https://github.com/sindresorhus/Preferences",
        "state": {
          "branch": null,
          "revision": "4dbcbdcc35d8d28e59fb63065d7c1a1b02289e51",
          "version": "2.3.0"
        }
      }
    ]
  },
  "version": 1
}
