{
  "object": {
    "pins": [
      {
        "package": "Defaults",
        "repositoryURL": "https://github.com/sindresorhus/Defaults",
        "state": {
          "branch": null,
          "revision": "63d93f97ad545c8bceb125a8a36175ea705f7cf5",
          "version": "5.0.0"
        }
      },
      {
        "package": "KeyboardShortcuts",
        "repositoryURL": "https://github.com/sindresorhus/KeyboardShortcuts",
        "state": {
          "branch": null,
          "revision": "a7a3ff6248b7564ef4ef2e9003672bf1b9f77ad1",
          "version": "1.2.0"
        }
      },
      {
        "package": "PasteboardPublisher",
        "repositoryURL": "https://github.com/hisaac/PasteboardPublisher.git",
        "state": {
          "branch": "main",
          "revision": "2404f4ee6df54f828a9fe5997dcb8443bb6ad64d",
          "version": null
        }
      },
      {
        "package": "Preferences",
        "repositoryURL": "https://github.com/sindresorhus/Preferences",
        "state": {
          "branch": null,
          "revision": "b084fbf4fdf64b5846c72236d3a8197f312e6211",
          "version": "2.4.0"
        }
      }
    ]
  },
  "version": 1
}
